{
  "name": "coursetro-eth",
  "version": "1.0.0",
  "lockfileVersion": 1,
  "requires": true,
  "dependencies": {
    "classnames": {
      "version": "2.2.5",
      "resolved": "https://registry.npmjs.org/classnames/-/classnames-2.2.5.tgz",
      "integrity": "sha1-+zgB1FNGdknvNgPH1hoCvRKb3m0="
    },
    "react-dropdown": {
      "version": "1.4.0",
      "resolved": "https://registry.npmjs.org/react-dropdown/-/react-dropdown-1.4.0.tgz",
      "integrity": "sha512-ak1ZL05+/SefrG1aXNPh9ANoALuv3ktryqtiGKOEPoBPf6prJgYSx/zlK/JMMnuSq9Li8lN861E1qhCzq2IplA==",
      "requires": {
        "classnames": "2.2.5"
      }
    }
  }
}
